
Microsoft Visual Studio Solution File, Format Version 12.00
# Visual Studio Version 17
VisualStudioVersion = 17.3.32819.101
MinimumVisualStudioVersion = 10.0.40219.1
Project("{FAE04EC0-301F-11D3-BF4B-00C04F79EFBC}") = "MVC_UI", "MVC_UI\MVC_UI.csproj", "{32B04DD0-1FEA-4577-95B0-0A8760B6148F}"
EndProject
Global
	GlobalSection(SolutionConfigurationPlatforms) = preSolution
		Debug|Any CPU = Debug|Any CPU
		Release|Any CPU = Release|Any CPU
	EndGlobalSection
	GlobalSection(ProjectConfigurationPlatforms) = postSolution
		{32B04DD0-1FEA-4577-95B0-0A8760B6148F}.Debug|Any CPU.ActiveCfg = Debug|Any CPU
		{32B04DD0-1FEA-4577-95B0-0A8760B6148F}.Debug|Any CPU.Build.0 = Debug|Any CPU
		{32B04DD0-1FEA-4577-95B0-0A8760B6148F}.Release|Any CPU.ActiveCfg = Release|Any CPU
		{32B04DD0-1FEA-4577-95B0-0A8760B6148F}.Release|Any CPU.Build.0 = Release|Any CPU
	EndGlobalSection
	GlobalSection(SolutionProperties) = preSolution
		HideSolutionNode = FALSE
	EndGlobalSection
	GlobalSection(ExtensibilityGlobals) = postSolution
		SolutionGuid = {4B37F93F-0732-4931-90C0-BE9CD6BB02E5}
	EndGlobalSection
EndGlobal
